// !$*UTF8*$!
{
	archiveVersion = 1;
	classes = {
	};
	objectVersion = 51;
	objects = {

/* Begin PBXBuildFile section */
		39FFCB4C32BF706BD0BF1F60 /* Pods_Vodafone_Airlines.framework in Frameworks */ = {isa = PBXBuildFile; fileRef = 87F787277064EF9DEA968356 /* Pods_Vodafone_Airlines.framework */; };
		6D2D40D4A475531089A48603 /* Pods_Vodafone_AirlinesTests.framework in Frameworks */ = {isa = PBXBuildFile; fileRef = 7497865E7A085104051FBAB9 /* Pods_Vodafone_AirlinesTests.framework */; };
		C7C75F5B2707E7A5001DF94E /* AppDelegate.swift in Sources */ = {isa = PBXBuildFile; fileRef = C7C75F5A2707E7A5001DF94E /* AppDelegate.swift */; };
		C7C75F642707E7A8001DF94E /* Assets.xcassets in Resources */ = {isa = PBXBuildFile; fileRef = C7C75F632707E7A8001DF94E /* Assets.xcassets */; };
		C7C75F672707E7A8001DF94E /* LaunchScreen.storyboard in Resources */ = {isa = PBXBuildFile; fileRef = C7C75F652707E7A8001DF94E /* LaunchScreen.storyboard */; };
		C7C75F722707E7A8001DF94E /* Vodafone_AirlinesTests.swift in Sources */ = {isa = PBXBuildFile; fileRef = C7C75F712707E7A8001DF94E /* Vodafone_AirlinesTests.swift */; };
		C7C75F7D2707E7A8001DF94E /* Vodafone_AirlinesUITests.swift in Sources */ = {isa = PBXBuildFile; fileRef = C7C75F7C2707E7A8001DF94E /* Vodafone_AirlinesUITests.swift */; };
		C7C75F902707EEF3001DF94E /* AirlinesTableViewController.swift in Sources */ = {isa = PBXBuildFile; fileRef = C7C75F8F2707EEF3001DF94E /* AirlinesTableViewController.swift */; };
		C7C75F922707F23D001DF94E /* Main.storyboard in Resources */ = {isa = PBXBuildFile; fileRef = C7C75F912707F23D001DF94E /* Main.storyboard */; };
		C7C75F942707F262001DF94E /* HomeViewController.swift in Sources */ = {isa = PBXBuildFile; fileRef = C7C75F932707F262001DF94E /* HomeViewController.swift */; };
		C7C75F972707F2F8001DF94E /* UIStoryboard+Extension.swift in Sources */ = {isa = PBXBuildFile; fileRef = C7C75F962707F2F8001DF94E /* UIStoryboard+Extension.swift */; };
		C7C75F992707F488001DF94E /* UIViewController+Extension.swift in Sources */ = {isa = PBXBuildFile; fileRef = C7C75F982707F488001DF94E /* UIViewController+Extension.swift */; };
		C7C75F9B2707F8E8001DF94E /* UIColor+Theme.swift in Sources */ = {isa = PBXBuildFile; fileRef = C7C75F9A2707F8E8001DF94E /* UIColor+Theme.swift */; };
		C7C75F9D2707FB6D001DF94E /* Colors.xcassets in Resources */ = {isa = PBXBuildFile; fileRef = C7C75F9C2707FB6D001DF94E /* Colors.xcassets */; };
		C7C75F9F2707FC9A001DF94E /* CircleShadowView.swift in Sources */ = {isa = PBXBuildFile; fileRef = C7C75F9E2707FC9A001DF94E /* CircleShadowView.swift */; };
		C7C75FA12707FED3001DF94E /* RoundShadowView.swift in Sources */ = {isa = PBXBuildFile; fileRef = C7C75FA02707FED3001DF94E /* RoundShadowView.swift */; };
		C7C75FA32707FF4F001DF94E /* AirlinesTableViewModel.swift in Sources */ = {isa = PBXBuildFile; fileRef = C7C75FA22707FF4F001DF94E /* AirlinesTableViewModel.swift */; };
		C7C75FA627092B6E001DF94E /* State.swift in Sources */ = {isa = PBXBuildFile; fileRef = C7C75FA527092B6E001DF94E /* State.swift */; };
		C7C75FA827092D7E001DF94E /* Bindable.swift in Sources */ = {isa = PBXBuildFile; fileRef = C7C75FA727092D7E001DF94E /* Bindable.swift */; };
		C7C75FF22709F454001DF94E /* CoraDataStorage.swift in Sources */ = {isa = PBXBuildFile; fileRef = C7C75FF12709F454001DF94E /* CoraDataStorage.swift */; };
		C7C760342709FA8E001DF94E /* Vodafone_Airlines.xcdatamodeld in Sources */ = {isa = PBXBuildFile; fileRef = C7C760322709FA8E001DF94E /* Vodafone_Airlines.xcdatamodeld */; };
		C7C760362709FAFB001DF94E /* airlines.json in Resources */ = {isa = PBXBuildFile; fileRef = C7C760352709FAFB001DF94E /* airlines.json */; };
		C7C760382709FD04001DF94E /* AirlineResponse.swift in Sources */ = {isa = PBXBuildFile; fileRef = C7C760372709FD04001DF94E /* AirlineResponse.swift */; };
		C7C7603B270A1575001DF94E /* AirlinesRemoteRepository.swift in Sources */ = {isa = PBXBuildFile; fileRef = C7C7603A270A1575001DF94E /* AirlinesRemoteRepository.swift */; };
		C7C7603E270A18FF001DF94E /* AirlinesListRepository.swift in Sources */ = {isa = PBXBuildFile; fileRef = C7C7603D270A18FF001DF94E /* AirlinesListRepository.swift */; };
		C7C76041270A5960001DF94E /* EndPointTypeProtocol.swift in Sources */ = {isa = PBXBuildFile; fileRef = C7C76040270A5960001DF94E /* EndPointTypeProtocol.swift */; };
		C7C76043270A59E8001DF94E /* APIManager.swift in Sources */ = {isa = PBXBuildFile; fileRef = C7C76042270A59E8001DF94E /* APIManager.swift */; };
		C7C76045270A59FD001DF94E /* EndPointItem.swift in Sources */ = {isa = PBXBuildFile; fileRef = C7C76044270A59FD001DF94E /* EndPointItem.swift */; };
		C7C76048270A6E14001DF94E /* Airline.swift in Sources */ = {isa = PBXBuildFile; fileRef = C7C76047270A6E14001DF94E /* Airline.swift */; };
		C7C7604D270A7E28001DF94E /* AirlineTableViewCell.swift in Sources */ = {isa = PBXBuildFile; fileRef = C7C7604B270A7E28001DF94E /* AirlineTableViewCell.swift */; };
		C7C7604E270A7E28001DF94E /* AirlineTableViewCell.xib in Resources */ = {isa = PBXBuildFile; fileRef = C7C7604C270A7E28001DF94E /* AirlineTableViewCell.xib */; };
		C7C76052270A8081001DF94E /* AirlineDetailsViewController.swift in Sources */ = {isa = PBXBuildFile; fileRef = C7C76051270A8081001DF94E /* AirlineDetailsViewController.swift */; };
		C7C76054270A8092001DF94E /* AirlineDetailsViewModel.swift in Sources */ = {isa = PBXBuildFile; fileRef = C7C76053270A8092001DF94E /* AirlineDetailsViewModel.swift */; };
		C7C76056270AA478001DF94E /* PrimaryButton.swift in Sources */ = {isa = PBXBuildFile; fileRef = C7C76055270AA478001DF94E /* PrimaryButton.swift */; };
		C7C7605B270AA763001DF94E /* Vodafone-Regular.ttf in Resources */ = {isa = PBXBuildFile; fileRef = C7C76058270AA763001DF94E /* Vodafone-Regular.ttf */; };
		C7C7605C270AA763001DF94E /* Vodafone-Light.ttf in Resources */ = {isa = PBXBuildFile; fileRef = C7C76059270AA763001DF94E /* Vodafone-Light.ttf */; };
		C7C7605D270AA763001DF94E /* Vodafone-Bold.ttf in Resources */ = {isa = PBXBuildFile; fileRef = C7C7605A270AA763001DF94E /* Vodafone-Bold.ttf */; };
		C7C7605F270AA835001DF94E /* FontFamily.swift in Sources */ = {isa = PBXBuildFile; fileRef = C7C7605E270AA835001DF94E /* FontFamily.swift */; };
		C7C76061270AA8BB001DF94E /* GeneralLabel.swift in Sources */ = {isa = PBXBuildFile; fileRef = C7C76060270AA8BB001DF94E /* GeneralLabel.swift */; };
		C7C76063270AAAD4001DF94E /* BaseViewController.swift in Sources */ = {isa = PBXBuildFile; fileRef = C7C76062270AAAD4001DF94E /* BaseViewController.swift */; };
		E119C2E21D12D7BC57F56151 /* Pods_Vodafone_Airlines_Vodafone_AirlinesUITests.framework in Frameworks */ = {isa = PBXBuildFile; fileRef = F9FFE9537E2079F2922E2F37 /* Pods_Vodafone_Airlines_Vodafone_AirlinesUITests.framework */; };
/* End PBXBuildFile section */

/* Begin PBXContainerItemProxy section */
		C7C75F6E2707E7A8001DF94E /* PBXContainerItemProxy */ = {
			isa = PBXContainerItemProxy;
			containerPortal = C7C75F4F2707E7A5001DF94E /* Project object */;
			proxyType = 1;
			remoteGlobalIDString = C7C75F562707E7A5001DF94E;
			remoteInfo = "Vodafone Airlines";
		};
		C7C75F792707E7A8001DF94E /* PBXContainerItemProxy */ = {
			isa = PBXContainerItemProxy;
			containerPortal = C7C75F4F2707E7A5001DF94E /* Project object */;
			proxyType = 1;
			remoteGlobalIDString = C7C75F562707E7A5001DF94E;
			remoteInfo = "Vodafone Airlines";
		};
/* End PBXContainerItemProxy section */

/* Begin PBXFileReference section */
		082FF577942D74545A6C5A3A /* Pods-Vodafone Airlines.debug.xcconfig */ = {isa = PBXFileReference; includeInIndex = 1; lastKnownFileType = text.xcconfig; name = "Pods-Vodafone Airlines.debug.xcconfig"; path = "Target Support Files/Pods-Vodafone Airlines/Pods-Vodafone Airlines.debug.xcconfig"; sourceTree = "<group>"; };
		20EBDB1A58989125FDFACAAE /* Pods-Vodafone Airlines-Vodafone AirlinesUITests.release.xcconfig */ = {isa = PBXFileReference; includeInIndex = 1; lastKnownFileType = text.xcconfig; name = "Pods-Vodafone Airlines-Vodafone AirlinesUITests.release.xcconfig"; path = "Target Support Files/Pods-Vodafone Airlines-Vodafone AirlinesUITests/Pods-Vodafone Airlines-Vodafone AirlinesUITests.release.xcconfig"; sourceTree = "<group>"; };
		7497865E7A085104051FBAB9 /* Pods_Vodafone_AirlinesTests.framework */ = {isa = PBXFileReference; explicitFileType = wrapper.framework; includeInIndex = 0; path = Pods_Vodafone_AirlinesTests.framework; sourceTree = BUILT_PRODUCTS_DIR; };
		87F787277064EF9DEA968356 /* Pods_Vodafone_Airlines.framework */ = {isa = PBXFileReference; explicitFileType = wrapper.framework; includeInIndex = 0; path = Pods_Vodafone_Airlines.framework; sourceTree = BUILT_PRODUCTS_DIR; };
		94D570D88692EE178D3C3435 /* Pods-Vodafone AirlinesTests.debug.xcconfig */ = {isa = PBXFileReference; includeInIndex = 1; lastKnownFileType = text.xcconfig; name = "Pods-Vodafone AirlinesTests.debug.xcconfig"; path = "Target Support Files/Pods-Vodafone AirlinesTests/Pods-Vodafone AirlinesTests.debug.xcconfig"; sourceTree = "<group>"; };
		A936EE98D576FA36ADDA6314 /* Pods-Vodafone Airlines-Vodafone AirlinesUITests.debug.xcconfig */ = {isa = PBXFileReference; includeInIndex = 1; lastKnownFileType = text.xcconfig; name = "Pods-Vodafone Airlines-Vodafone AirlinesUITests.debug.xcconfig"; path = "Target Support Files/Pods-Vodafone Airlines-Vodafone AirlinesUITests/Pods-Vodafone Airlines-Vodafone AirlinesUITests.debug.xcconfig"; sourceTree = "<group>"; };
		C7C75F572707E7A5001DF94E /* Vodafone Airlines.app */ = {isa = PBXFileReference; explicitFileType = wrapper.application; includeInIndex = 0; path = "Vodafone Airlines.app"; sourceTree = BUILT_PRODUCTS_DIR; };
		C7C75F5A2707E7A5001DF94E /* AppDelegate.swift */ = {isa = PBXFileReference; lastKnownFileType = sourcecode.swift; path = AppDelegate.swift; sourceTree = "<group>"; };
		C7C75F632707E7A8001DF94E /* Assets.xcassets */ = {isa = PBXFileReference; lastKnownFileType = folder.assetcatalog; path = Assets.xcassets; sourceTree = "<group>"; };
		C7C75F662707E7A8001DF94E /* Base */ = {isa = PBXFileReference; lastKnownFileType = file.storyboard; name = Base; path = Base.lproj/LaunchScreen.storyboard; sourceTree = "<group>"; };
		C7C75F682707E7A8001DF94E /* Info.plist */ = {isa = PBXFileReference; lastKnownFileType = text.plist.xml; path = Info.plist; sourceTree = "<group>"; };
		C7C75F6D2707E7A8001DF94E /* Vodafone AirlinesTests.xctest */ = {isa = PBXFileReference; explicitFileType = wrapper.cfbundle; includeInIndex = 0; path = "Vodafone AirlinesTests.xctest"; sourceTree = BUILT_PRODUCTS_DIR; };
		C7C75F712707E7A8001DF94E /* Vodafone_AirlinesTests.swift */ = {isa = PBXFileReference; lastKnownFileType = sourcecode.swift; path = Vodafone_AirlinesTests.swift; sourceTree = "<group>"; };
		C7C75F732707E7A8001DF94E /* Info.plist */ = {isa = PBXFileReference; lastKnownFileType = text.plist.xml; path = Info.plist; sourceTree = "<group>"; };
		C7C75F782707E7A8001DF94E /* Vodafone AirlinesUITests.xctest */ = {isa = PBXFileReference; explicitFileType = wrapper.cfbundle; includeInIndex = 0; path = "Vodafone AirlinesUITests.xctest"; sourceTree = BUILT_PRODUCTS_DIR; };
		C7C75F7C2707E7A8001DF94E /* Vodafone_AirlinesUITests.swift */ = {isa = PBXFileReference; lastKnownFileType = sourcecode.swift; path = Vodafone_AirlinesUITests.swift; sourceTree = "<group>"; };
		C7C75F7E2707E7A8001DF94E /* Info.plist */ = {isa = PBXFileReference; lastKnownFileType = text.plist.xml; path = Info.plist; sourceTree = "<group>"; };
		C7C75F8F2707EEF3001DF94E /* AirlinesTableViewController.swift */ = {isa = PBXFileReference; lastKnownFileType = sourcecode.swift; path = AirlinesTableViewController.swift; sourceTree = "<group>"; };
		C7C75F912707F23D001DF94E /* Main.storyboard */ = {isa = PBXFileReference; lastKnownFileType = file.storyboard; path = Main.storyboard; sourceTree = "<group>"; };
		C7C75F932707F262001DF94E /* HomeViewController.swift */ = {isa = PBXFileReference; lastKnownFileType = sourcecode.swift; path = HomeViewController.swift; sourceTree = "<group>"; };
		C7C75F962707F2F8001DF94E /* UIStoryboard+Extension.swift */ = {isa = PBXFileReference; lastKnownFileType = sourcecode.swift; path = "UIStoryboard+Extension.swift"; sourceTree = "<group>"; };
		C7C75F982707F488001DF94E /* UIViewController+Extension.swift */ = {isa = PBXFileReference; lastKnownFileType = sourcecode.swift; path = "UIViewController+Extension.swift"; sourceTree = "<group>"; };
		C7C75F9A2707F8E8001DF94E /* UIColor+Theme.swift */ = {isa = PBXFileReference; lastKnownFileType = sourcecode.swift; path = "UIColor+Theme.swift"; sourceTree = "<group>"; };
		C7C75F9C2707FB6D001DF94E /* Colors.xcassets */ = {isa = PBXFileReference; lastKnownFileType = folder.assetcatalog; path = Colors.xcassets; sourceTree = "<group>"; };
		C7C75F9E2707FC9A001DF94E /* CircleShadowView.swift */ = {isa = PBXFileReference; lastKnownFileType = sourcecode.swift; path = CircleShadowView.swift; sourceTree = "<group>"; };
		C7C75FA02707FED3001DF94E /* RoundShadowView.swift */ = {isa = PBXFileReference; lastKnownFileType = sourcecode.swift; path = RoundShadowView.swift; sourceTree = "<group>"; };
		C7C75FA22707FF4F001DF94E /* AirlinesTableViewModel.swift */ = {isa = PBXFileReference; lastKnownFileType = sourcecode.swift; path = AirlinesTableViewModel.swift; sourceTree = "<group>"; };
		C7C75FA527092B6E001DF94E /* State.swift */ = {isa = PBXFileReference; lastKnownFileType = sourcecode.swift; path = State.swift; sourceTree = "<group>"; };
		C7C75FA727092D7E001DF94E /* Bindable.swift */ = {isa = PBXFileReference; lastKnownFileType = sourcecode.swift; path = Bindable.swift; sourceTree = "<group>"; };
		C7C75FF12709F454001DF94E /* CoraDataStorage.swift */ = {isa = PBXFileReference; lastKnownFileType = sourcecode.swift; path = CoraDataStorage.swift; sourceTree = "<group>"; };
		C7C760332709FA8E001DF94E /* Vodafone_Airlines.xcdatamodel */ = {isa = PBXFileReference; lastKnownFileType = wrapper.xcdatamodel; path = Vodafone_Airlines.xcdatamodel; sourceTree = "<group>"; };
		C7C760352709FAFB001DF94E /* airlines.json */ = {isa = PBXFileReference; lastKnownFileType = text.json; path = airlines.json; sourceTree = "<group>"; };
		C7C760372709FD04001DF94E /* AirlineResponse.swift */ = {isa = PBXFileReference; lastKnownFileType = sourcecode.swift; path = AirlineResponse.swift; sourceTree = "<group>"; };
		C7C7603A270A1575001DF94E /* AirlinesRemoteRepository.swift */ = {isa = PBXFileReference; lastKnownFileType = sourcecode.swift; path = AirlinesRemoteRepository.swift; sourceTree = "<group>"; };
		C7C7603D270A18FF001DF94E /* AirlinesListRepository.swift */ = {isa = PBXFileReference; lastKnownFileType = sourcecode.swift; path = AirlinesListRepository.swift; sourceTree = "<group>"; };
		C7C76040270A5960001DF94E /* EndPointTypeProtocol.swift */ = {isa = PBXFileReference; lastKnownFileType = sourcecode.swift; path = EndPointTypeProtocol.swift; sourceTree = "<group>"; };
		C7C76042270A59E8001DF94E /* APIManager.swift */ = {isa = PBXFileReference; lastKnownFileType = sourcecode.swift; path = APIManager.swift; sourceTree = "<group>"; };
		C7C76044270A59FD001DF94E /* EndPointItem.swift */ = {isa = PBXFileReference; lastKnownFileType = sourcecode.swift; path = EndPointItem.swift; sourceTree = "<group>"; };
		C7C76047270A6E14001DF94E /* Airline.swift */ = {isa = PBXFileReference; lastKnownFileType = sourcecode.swift; path = Airline.swift; sourceTree = "<group>"; };
		C7C7604B270A7E28001DF94E /* AirlineTableViewCell.swift */ = {isa = PBXFileReference; lastKnownFileType = sourcecode.swift; path = AirlineTableViewCell.swift; sourceTree = "<group>"; };
		C7C7604C270A7E28001DF94E /* AirlineTableViewCell.xib */ = {isa = PBXFileReference; lastKnownFileType = file.xib; path = AirlineTableViewCell.xib; sourceTree = "<group>"; };
		C7C76051270A8081001DF94E /* AirlineDetailsViewController.swift */ = {isa = PBXFileReference; lastKnownFileType = sourcecode.swift; path = AirlineDetailsViewController.swift; sourceTree = "<group>"; };
		C7C76053270A8092001DF94E /* AirlineDetailsViewModel.swift */ = {isa = PBXFileReference; lastKnownFileType = sourcecode.swift; path = AirlineDetailsViewModel.swift; sourceTree = "<group>"; };
		C7C76055270AA478001DF94E /* PrimaryButton.swift */ = {isa = PBXFileReference; lastKnownFileType = sourcecode.swift; path = PrimaryButton.swift; sourceTree = "<group>"; };
		C7C76058270AA763001DF94E /* Vodafone-Regular.ttf */ = {isa = PBXFileReference; lastKnownFileType = file; path = "Vodafone-Regular.ttf"; sourceTree = "<group>"; };
		C7C76059270AA763001DF94E /* Vodafone-Light.ttf */ = {isa = PBXFileReference; lastKnownFileType = file; path = "Vodafone-Light.ttf"; sourceTree = "<group>"; };
		C7C7605A270AA763001DF94E /* Vodafone-Bold.ttf */ = {isa = PBXFileReference; lastKnownFileType = file; path = "Vodafone-Bold.ttf"; sourceTree = "<group>"; };
		C7C7605E270AA835001DF94E /* FontFamily.swift */ = {isa = PBXFileReference; lastKnownFileType = sourcecode.swift; path = FontFamily.swift; sourceTree = "<group>"; };
		C7C76060270AA8BB001DF94E /* GeneralLabel.swift */ = {isa = PBXFileReference; lastKnownFileType = sourcecode.swift; path = GeneralLabel.swift; sourceTree = "<group>"; };
		C7C76062270AAAD4001DF94E /* BaseViewController.swift */ = {isa = PBXFileReference; lastKnownFileType = sourcecode.swift; path = BaseViewController.swift; sourceTree = "<group>"; };
		D940FAEE6664309AAB4D84E2 /* Pods-Vodafone Airlines.release.xcconfig */ = {isa = PBXFileReference; includeInIndex = 1; lastKnownFileType = text.xcconfig; name = "Pods-Vodafone Airlines.release.xcconfig"; path = "Target Support Files/Pods-Vodafone Airlines/Pods-Vodafone Airlines.release.xcconfig"; sourceTree = "<group>"; };
		E8D61AD1A6628C951CF88DFB /* Pods-Vodafone AirlinesTests.release.xcconfig */ = {isa = PBXFileReference; includeInIndex = 1; lastKnownFileType = text.xcconfig; name = "Pods-Vodafone AirlinesTests.release.xcconfig"; path = "Target Support Files/Pods-Vodafone AirlinesTests/Pods-Vodafone AirlinesTests.release.xcconfig"; sourceTree = "<group>"; };
		F9FFE9537E2079F2922E2F37 /* Pods_Vodafone_Airlines_Vodafone_AirlinesUITests.framework */ = {isa = PBXFileReference; explicitFileType = wrapper.framework; includeInIndex = 0; path = Pods_Vodafone_Airlines_Vodafone_AirlinesUITests.framework; sourceTree = BUILT_PRODUCTS_DIR; };
/* End PBXFileReference section */

/* Begin PBXFrameworksBuildPhase section */
		C7C75F542707E7A5001DF94E /* Frameworks */ = {
			isa = PBXFrameworksBuildPhase;
			buildActionMask = 2147483647;
			files = (
				39FFCB4C32BF706BD0BF1F60 /* Pods_Vodafone_Airlines.framework in Frameworks */,
			);
			runOnlyForDeploymentPostprocessing = 0;
		};
		C7C75F6A2707E7A8001DF94E /* Frameworks */ = {
			isa = PBXFrameworksBuildPhase;
			buildActionMask = 2147483647;
			files = (
				6D2D40D4A475531089A48603 /* Pods_Vodafone_AirlinesTests.framework in Frameworks */,
			);
			runOnlyForDeploymentPostprocessing = 0;
		};
		C7C75F752707E7A8001DF94E /* Frameworks */ = {
			isa = PBXFrameworksBuildPhase;
			buildActionMask = 2147483647;
			files = (
				E119C2E21D12D7BC57F56151 /* Pods_Vodafone_Airlines_Vodafone_AirlinesUITests.framework in Frameworks */,
			);
			runOnlyForDeploymentPostprocessing = 0;
		};
/* End PBXFrameworksBuildPhase section */

/* Begin PBXGroup section */
		20C89B20B4EA62BC5E16DB69 /* Pods */ = {
			isa = PBXGroup;
			children = (
				082FF577942D74545A6C5A3A /* Pods-Vodafone Airlines.debug.xcconfig */,
				D940FAEE6664309AAB4D84E2 /* Pods-Vodafone Airlines.release.xcconfig */,
				A936EE98D576FA36ADDA6314 /* Pods-Vodafone Airlines-Vodafone AirlinesUITests.debug.xcconfig */,
				20EBDB1A58989125FDFACAAE /* Pods-Vodafone Airlines-Vodafone AirlinesUITests.release.xcconfig */,
				94D570D88692EE178D3C3435 /* Pods-Vodafone AirlinesTests.debug.xcconfig */,
				E8D61AD1A6628C951CF88DFB /* Pods-Vodafone AirlinesTests.release.xcconfig */,
			);
			path = Pods;
			sourceTree = "<group>";
		};
		B6B0517CE52F0010B8DAACF8 /* Frameworks */ = {
			isa = PBXGroup;
			children = (
				87F787277064EF9DEA968356 /* Pods_Vodafone_Airlines.framework */,
				F9FFE9537E2079F2922E2F37 /* Pods_Vodafone_Airlines_Vodafone_AirlinesUITests.framework */,
				7497865E7A085104051FBAB9 /* Pods_Vodafone_AirlinesTests.framework */,
			);
			name = Frameworks;
			sourceTree = "<group>";
		};
		C7C75F4E2707E7A5001DF94E = {
			isa = PBXGroup;
			children = (
				C7C75F592707E7A5001DF94E /* Vodafone Airlines */,
				C7C75F702707E7A8001DF94E /* Vodafone AirlinesTests */,
				C7C75F7B2707E7A8001DF94E /* Vodafone AirlinesUITests */,
				C7C75F582707E7A5001DF94E /* Products */,
				20C89B20B4EA62BC5E16DB69 /* Pods */,
				B6B0517CE52F0010B8DAACF8 /* Frameworks */,
			);
			sourceTree = "<group>";
		};
		C7C75F582707E7A5001DF94E /* Products */ = {
			isa = PBXGroup;
			children = (
				C7C75F572707E7A5001DF94E /* Vodafone Airlines.app */,
				C7C75F6D2707E7A8001DF94E /* Vodafone AirlinesTests.xctest */,
				C7C75F782707E7A8001DF94E /* Vodafone AirlinesUITests.xctest */,
			);
			name = Products;
			sourceTree = "<group>";
		};
		C7C75F592707E7A5001DF94E /* Vodafone Airlines */ = {
			isa = PBXGroup;
			children = (
				C7C7603C270A18EC001DF94E /* Repos */,
				C7C76039270A156A001DF94E /* Network */,
				C7C75FF02709F429001DF94E /* Persistance */,
				C7C75FA927094E58001DF94E /* Resources */,
				C7C75F8A2707E863001DF94E /* Model */,
				C7C75F8B2707E868001DF94E /* View */,
				C7C75F8C2707E86C001DF94E /* ViewModel */,
				C7C75F952707F2DB001DF94E /* Extensions */,
			);
			path = "Vodafone Airlines";
			sourceTree = "<group>";
		};
		C7C75F702707E7A8001DF94E /* Vodafone AirlinesTests */ = {
			isa = PBXGroup;
			children = (
				C7C75F712707E7A8001DF94E /* Vodafone_AirlinesTests.swift */,
				C7C75F732707E7A8001DF94E /* Info.plist */,
			);
			path = "Vodafone AirlinesTests";
			sourceTree = "<group>";
		};
		C7C75F7B2707E7A8001DF94E /* Vodafone AirlinesUITests */ = {
			isa = PBXGroup;
			children = (
				C7C75F7C2707E7A8001DF94E /* Vodafone_AirlinesUITests.swift */,
				C7C75F7E2707E7A8001DF94E /* Info.plist */,
			);
			path = "Vodafone AirlinesUITests";
			sourceTree = "<group>";
		};
		C7C75F8A2707E863001DF94E /* Model */ = {
			isa = PBXGroup;
			children = (
				C7C760372709FD04001DF94E /* AirlineResponse.swift */,
			);
			path = Model;
			sourceTree = "<group>";
		};
		C7C75F8B2707E868001DF94E /* View */ = {
			isa = PBXGroup;
			children = (
				C7C75FA427092B06001DF94E /* Common Views */,
				C7C7604F270A7E2D001DF94E /* Airlines View */,
				C7C76050270A8070001DF94E /* Airline Details View */,
				C7C75F912707F23D001DF94E /* Main.storyboard */,
			);
			path = View;
			sourceTree = "<group>";
		};
		C7C75F8C2707E86C001DF94E /* ViewModel */ = {
			isa = PBXGroup;
			children = (
				C7C75FA22707FF4F001DF94E /* AirlinesTableViewModel.swift */,
				C7C76053270A8092001DF94E /* AirlineDetailsViewModel.swift */,
				C7C75FA527092B6E001DF94E /* State.swift */,
				C7C75FA727092D7E001DF94E /* Bindable.swift */,
			);
			path = ViewModel;
			sourceTree = "<group>";
		};
		C7C75F952707F2DB001DF94E /* Extensions */ = {
			isa = PBXGroup;
			children = (
				C7C75F962707F2F8001DF94E /* UIStoryboard+Extension.swift */,
				C7C75F982707F488001DF94E /* UIViewController+Extension.swift */,
				C7C75F9A2707F8E8001DF94E /* UIColor+Theme.swift */,
			);
			name = Extensions;
			sourceTree = "<group>";
		};
		C7C75FA427092B06001DF94E /* Common Views */ = {
			isa = PBXGroup;
			children = (
				C7C75F9E2707FC9A001DF94E /* CircleShadowView.swift */,
				C7C75FA02707FED3001DF94E /* RoundShadowView.swift */,
				C7C76055270AA478001DF94E /* PrimaryButton.swift */,
				C7C76060270AA8BB001DF94E /* GeneralLabel.swift */,
			);
			path = "Common Views";
			sourceTree = "<group>";
		};
		C7C75FA927094E58001DF94E /* Resources */ = {
			isa = PBXGroup;
			children = (
				C7C76057270AA74A001DF94E /* Font */,
				C7C75F5A2707E7A5001DF94E /* AppDelegate.swift */,
				C7C75F932707F262001DF94E /* HomeViewController.swift */,
				C7C75F632707E7A8001DF94E /* Assets.xcassets */,
				C7C75F9C2707FB6D001DF94E /* Colors.xcassets */,
				C7C75F652707E7A8001DF94E /* LaunchScreen.storyboard */,
				C7C75F682707E7A8001DF94E /* Info.plist */,
				C7C760352709FAFB001DF94E /* airlines.json */,
			);
			path = Resources;
			sourceTree = "<group>";
		};
		C7C75FF02709F429001DF94E /* Persistance */ = {
			isa = PBXGroup;
			children = (
				C7C76046270A6E07001DF94E /* CoreData Models */,
				C7C75FF12709F454001DF94E /* CoraDataStorage.swift */,
				C7C760322709FA8E001DF94E /* Vodafone_Airlines.xcdatamodeld */,
			);
			path = Persistance;
			sourceTree = "<group>";
		};
		C7C76039270A156A001DF94E /* Network */ = {
			isa = PBXGroup;
			children = (
				C7C7603A270A1575001DF94E /* AirlinesRemoteRepository.swift */,
				C7C76040270A5960001DF94E /* EndPointTypeProtocol.swift */,
				C7C76042270A59E8001DF94E /* APIManager.swift */,
				C7C76044270A59FD001DF94E /* EndPointItem.swift */,
			);
			path = Network;
			sourceTree = "<group>";
		};
		C7C7603C270A18EC001DF94E /* Repos */ = {
			isa = PBXGroup;
			children = (
				C7C7603D270A18FF001DF94E /* AirlinesListRepository.swift */,
			);
			path = Repos;
			sourceTree = "<group>";
		};
		C7C76046270A6E07001DF94E /* CoreData Models */ = {
			isa = PBXGroup;
			children = (
				C7C76047270A6E14001DF94E /* Airline.swift */,
			);
			path = "CoreData Models";
			sourceTree = "<group>";
		};
		C7C7604F270A7E2D001DF94E /* Airlines View */ = {
			isa = PBXGroup;
			children = (
				C7C76062270AAAD4001DF94E /* BaseViewController.swift */,
				C7C7604B270A7E28001DF94E /* AirlineTableViewCell.swift */,
				C7C7604C270A7E28001DF94E /* AirlineTableViewCell.xib */,
				C7C75F8F2707EEF3001DF94E /* AirlinesTableViewController.swift */,
			);
			path = "Airlines View";
			sourceTree = "<group>";
		};
		C7C76050270A8070001DF94E /* Airline Details View */ = {
			isa = PBXGroup;
			children = (
				C7C76051270A8081001DF94E /* AirlineDetailsViewController.swift */,
			);
			path = "Airline Details View";
			sourceTree = "<group>";
		};
		C7C76057270AA74A001DF94E /* Font */ = {
			isa = PBXGroup;
			children = (
				C7C7605A270AA763001DF94E /* Vodafone-Bold.ttf */,
				C7C76059270AA763001DF94E /* Vodafone-Light.ttf */,
				C7C76058270AA763001DF94E /* Vodafone-Regular.ttf */,
				C7C7605E270AA835001DF94E /* FontFamily.swift */,
			);
			path = Font;
			sourceTree = "<group>";
		};
/* End PBXGroup section */

/* Begin PBXNativeTarget section */
		C7C75F562707E7A5001DF94E /* Vodafone Airlines */ = {
			isa = PBXNativeTarget;
			buildConfigurationList = C7C75F812707E7A8001DF94E /* Build configuration list for PBXNativeTarget "Vodafone Airlines" */;
			buildPhases = (
				C69E8C1DDD4590753DFD5681 /* [CP] Check Pods Manifest.lock */,
				C7C75F532707E7A5001DF94E /* Sources */,
				C7C75F542707E7A5001DF94E /* Frameworks */,
				C7C75F552707E7A5001DF94E /* Resources */,
				C4B8C0F51C8E7CC5375D4C70 /* [CP] Embed Pods Frameworks */,
			);
			buildRules = (
			);
			dependencies = (
			);
			name = "Vodafone Airlines";
			productName = "Vodafone Airlines";
			productReference = C7C75F572707E7A5001DF94E /* Vodafone Airlines.app */;
			productType = "com.apple.product-type.application";
		};
		C7C75F6C2707E7A8001DF94E /* Vodafone AirlinesTests */ = {
			isa = PBXNativeTarget;
			buildConfigurationList = C7C75F842707E7A8001DF94E /* Build configuration list for PBXNativeTarget "Vodafone AirlinesTests" */;
			buildPhases = (
				BCE95492F958489C9887A65A /* [CP] Check Pods Manifest.lock */,
				C7C75F692707E7A8001DF94E /* Sources */,
				C7C75F6A2707E7A8001DF94E /* Frameworks */,
				C7C75F6B2707E7A8001DF94E /* Resources */,
			);
			buildRules = (
			);
			dependencies = (
				C7C75F6F2707E7A8001DF94E /* PBXTargetDependency */,
			);
			name = "Vodafone AirlinesTests";
			productName = "Vodafone AirlinesTests";
			productReference = C7C75F6D2707E7A8001DF94E /* Vodafone AirlinesTests.xctest */;
			productType = "com.apple.product-type.bundle.unit-test";
		};
		C7C75F772707E7A8001DF94E /* Vodafone AirlinesUITests */ = {
			isa = PBXNativeTarget;
			buildConfigurationList = C7C75F872707E7A8001DF94E /* Build configuration list for PBXNativeTarget "Vodafone AirlinesUITests" */;
			buildPhases = (
				3D568AA3A2A06FA842667DD9 /* [CP] Check Pods Manifest.lock */,
				C7C75F742707E7A8001DF94E /* Sources */,
				C7C75F752707E7A8001DF94E /* Frameworks */,
				C7C75F762707E7A8001DF94E /* Resources */,
				CBB89F39828F7D6592D621EA /* [CP] Embed Pods Frameworks */,
			);
			buildRules = (
			);
			dependencies = (
				C7C75F7A2707E7A8001DF94E /* PBXTargetDependency */,
			);
			name = "Vodafone AirlinesUITests";
			productName = "Vodafone AirlinesUITests";
			productReference = C7C75F782707E7A8001DF94E /* Vodafone AirlinesUITests.xctest */;
			productType = "com.apple.product-type.bundle.ui-testing";
		};
/* End PBXNativeTarget section */

/* Begin PBXProject section */
		C7C75F4F2707E7A5001DF94E /* Project object */ = {
			isa = PBXProject;
			attributes = {
				LastSwiftUpdateCheck = 1250;
				LastUpgradeCheck = 1250;
				TargetAttributes = {
					C7C75F562707E7A5001DF94E = {
						CreatedOnToolsVersion = 12.5;
					};
					C7C75F6C2707E7A8001DF94E = {
						CreatedOnToolsVersion = 12.5;
						TestTargetID = C7C75F562707E7A5001DF94E;
					};
					C7C75F772707E7A8001DF94E = {
						CreatedOnToolsVersion = 12.5;
						TestTargetID = C7C75F562707E7A5001DF94E;
					};
				};
			};
			buildConfigurationList = C7C75F522707E7A5001DF94E /* Build configuration list for PBXProject "Vodafone Airlines" */;
			compatibilityVersion = "Xcode 9.3";
			developmentRegion = en;
			hasScannedForEncodings = 0;
			knownRegions = (
				en,
				Base,
			);
			mainGroup = C7C75F4E2707E7A5001DF94E;
			productRefGroup = C7C75F582707E7A5001DF94E /* Products */;
			projectDirPath = "";
			projectRoot = "";
			targets = (
				C7C75F562707E7A5001DF94E /* Vodafone Airlines */,
				C7C75F6C2707E7A8001DF94E /* Vodafone AirlinesTests */,
				C7C75F772707E7A8001DF94E /* Vodafone AirlinesUITests */,
			);
		};
/* End PBXProject section */

/* Begin PBXResourcesBuildPhase section */
		C7C75F552707E7A5001DF94E /* Resources */ = {
			isa = PBXResourcesBuildPhase;
			buildActionMask = 2147483647;
			files = (
				C7C7604E270A7E28001DF94E /* AirlineTableViewCell.xib in Resources */,
				C7C75F672707E7A8001DF94E /* LaunchScreen.storyboard in Resources */,
				C7C7605D270AA763001DF94E /* Vodafone-Bold.ttf in Resources */,
				C7C760362709FAFB001DF94E /* airlines.json in Resources */,
				C7C75F9D2707FB6D001DF94E /* Colors.xcassets in Resources */,
				C7C75F642707E7A8001DF94E /* Assets.xcassets in Resources */,
				C7C7605C270AA763001DF94E /* Vodafone-Light.ttf in Resources */,
				C7C7605B270AA763001DF94E /* Vodafone-Regular.ttf in Resources */,
				C7C75F922707F23D001DF94E /* Main.storyboard in Resources */,
			);
			runOnlyForDeploymentPostprocessing = 0;
		};
		C7C75F6B2707E7A8001DF94E /* Resources */ = {
			isa = PBXResourcesBuildPhase;
			buildActionMask = 2147483647;
			files = (
			);
			runOnlyForDeploymentPostprocessing = 0;
		};
		C7C75F762707E7A8001DF94E /* Resources */ = {
			isa = PBXResourcesBuildPhase;
			buildActionMask = 2147483647;
			files = (
			);
			runOnlyForDeploymentPostprocessing = 0;
		};
/* End PBXResourcesBuildPhase section */

/* Begin PBXShellScriptBuildPhase section */
		3D568AA3A2A06FA842667DD9 /* [CP] Check Pods Manifest.lock */ = {
			isa = PBXShellScriptBuildPhase;
			buildActionMask = 2147483647;
			files = (
			);
			inputFileListPaths = (
			);
			inputPaths = (
				"${PODS_PODFILE_DIR_PATH}/Podfile.lock",
				"${PODS_ROOT}/Manifest.lock",
			);
			name = "[CP] Check Pods Manifest.lock";
			outputFileListPaths = (
			);
			outputPaths = (
				"$(DERIVED_FILE_DIR)/Pods-Vodafone Airlines-Vodafone AirlinesUITests-checkManifestLockResult.txt",
			);
			runOnlyForDeploymentPostprocessing = 0;
			shellPath = /bin/sh;
			shellScript = "diff \"${PODS_PODFILE_DIR_PATH}/Podfile.lock\" \"${PODS_ROOT}/Manifest.lock\" > /dev/null\nif [ $? != 0 ] ; then\n    # print error to STDERR\n    echo \"error: The sandbox is not in sync with the Podfile.lock. Run 'pod install' or update your CocoaPods installation.\" >&2\n    exit 1\nfi\n# This output is used by Xcode 'outputs' to avoid re-running this script phase.\necho \"SUCCESS\" > \"${SCRIPT_OUTPUT_FILE_0}\"\n";
			showEnvVarsInLog = 0;
		};
		BCE95492F958489C9887A65A /* [CP] Check Pods Manifest.lock */ = {
			isa = PBXShellScriptBuildPhase;
			buildActionMask = 2147483647;
			files = (
			);
			inputFileListPaths = (
			);
			inputPaths = (
				"${PODS_PODFILE_DIR_PATH}/Podfile.lock",
				"${PODS_ROOT}/Manifest.lock",
			);
			name = "[CP] Check Pods Manifest.lock";
			outputFileListPaths = (
			);
			outputPaths = (
				"$(DERIVED_FILE_DIR)/Pods-Vodafone AirlinesTests-checkManifestLockResult.txt",
			);
			runOnlyForDeploymentPostprocessing = 0;
			shellPath = /bin/sh;
			shellScript = "diff \"${PODS_PODFILE_DIR_PATH}/Podfile.lock\" \"${PODS_ROOT}/Manifest.lock\" > /dev/null\nif [ $? != 0 ] ; then\n    # print error to STDERR\n    echo \"error: The sandbox is not in sync with the Podfile.lock. Run 'pod install' or update your CocoaPods installation.\" >&2\n    exit 1\nfi\n# This output is used by Xcode 'outputs' to avoid re-running this script phase.\necho \"SUCCESS\" > \"${SCRIPT_OUTPUT_FILE_0}\"\n";
			showEnvVarsInLog = 0;
		};
		C4B8C0F51C8E7CC5375D4C70 /* [CP] Embed Pods Frameworks */ = {
			isa = PBXShellScriptBuildPhase;
			buildActionMask = 2147483647;
			files = (
			);
			inputFileListPaths = (
				"${PODS_ROOT}/Target Support Files/Pods-Vodafone Airlines/Pods-Vodafone Airlines-frameworks-${CONFIGURATION}-input-files.xcfilelist",
			);
			name = "[CP] Embed Pods Frameworks";
			outputFileListPaths = (
				"${PODS_ROOT}/Target Support Files/Pods-Vodafone Airlines/Pods-Vodafone Airlines-frameworks-${CONFIGURATION}-output-files.xcfilelist",
			);
			runOnlyForDeploymentPostprocessing = 0;
			shellPath = /bin/sh;
			shellScript = "\"${PODS_ROOT}/Target Support Files/Pods-Vodafone Airlines/Pods-Vodafone Airlines-frameworks.sh\"\n";
			showEnvVarsInLog = 0;
		};
		C69E8C1DDD4590753DFD5681 /* [CP] Check Pods Manifest.lock */ = {
			isa = PBXShellScriptBuildPhase;
			buildActionMask = 2147483647;
			files = (
			);
			inputFileListPaths = (
			);
			inputPaths = (
				"${PODS_PODFILE_DIR_PATH}/Podfile.lock",
				"${PODS_ROOT}/Manifest.lock",
			);
			name = "[CP] Check Pods Manifest.lock";
			outputFileListPaths = (
			);
			outputPaths = (
				"$(DERIVED_FILE_DIR)/Pods-Vodafone Airlines-checkManifestLockResult.txt",
			);
			runOnlyForDeploymentPostprocessing = 0;
			shellPath = /bin/sh;
			shellScript = "diff \"${PODS_PODFILE_DIR_PATH}/Podfile.lock\" \"${PODS_ROOT}/Manifest.lock\" > /dev/null\nif [ $? != 0 ] ; then\n    # print error to STDERR\n    echo \"error: The sandbox is not in sync with the Podfile.lock. Run 'pod install' or update your CocoaPods installation.\" >&2\n    exit 1\nfi\n# This output is used by Xcode 'outputs' to avoid re-running this script phase.\necho \"SUCCESS\" > \"${SCRIPT_OUTPUT_FILE_0}\"\n";
			showEnvVarsInLog = 0;
		};
		CBB89F39828F7D6592D621EA /* [CP] Embed Pods Frameworks */ = {
			isa = PBXShellScriptBuildPhase;
			buildActionMask = 2147483647;
			files = (
			);
			inputFileListPaths = (
				"${PODS_ROOT}/Target Support Files/Pods-Vodafone Airlines-Vodafone AirlinesUITests/Pods-Vodafone Airlines-Vodafone AirlinesUITests-frameworks-${CONFIGURATION}-input-files.xcfilelist",
			);
			name = "[CP] Embed Pods Frameworks";
			outputFileListPaths = (
				"${PODS_ROOT}/Target Support Files/Pods-Vodafone Airlines-Vodafone AirlinesUITests/Pods-Vodafone Airlines-Vodafone AirlinesUITests-frameworks-${CONFIGURATION}-output-files.xcfilelist",
			);
			runOnlyForDeploymentPostprocessing = 0;
			shellPath = /bin/sh;
			shellScript = "\"${PODS_ROOT}/Target Support Files/Pods-Vodafone Airlines-Vodafone AirlinesUITests/Pods-Vodafone Airlines-Vodafone AirlinesUITests-frameworks.sh\"\n";
			showEnvVarsInLog = 0;
		};
/* End PBXShellScriptBuildPhase section */

/* Begin PBXSourcesBuildPhase section */
		C7C75F532707E7A5001DF94E /* Sources */ = {
			isa = PBXSourcesBuildPhase;
			buildActionMask = 2147483647;
			files = (
				C7C75F902707EEF3001DF94E /* AirlinesTableViewController.swift in Sources */,
				C7C76043270A59E8001DF94E /* APIManager.swift in Sources */,
				C7C75FF22709F454001DF94E /* CoraDataStorage.swift in Sources */,
				C7C75FA12707FED3001DF94E /* RoundShadowView.swift in Sources */,
				C7C7603E270A18FF001DF94E /* AirlinesListRepository.swift in Sources */,
				C7C76063270AAAD4001DF94E /* BaseViewController.swift in Sources */,
				C7C76061270AA8BB001DF94E /* GeneralLabel.swift in Sources */,
				C7C75F5B2707E7A5001DF94E /* AppDelegate.swift in Sources */,
				C7C76056270AA478001DF94E /* PrimaryButton.swift in Sources */,
				C7C76052270A8081001DF94E /* AirlineDetailsViewController.swift in Sources */,
				C7C760342709FA8E001DF94E /* Vodafone_Airlines.xcdatamodeld in Sources */,
				C7C76054270A8092001DF94E /* AirlineDetailsViewModel.swift in Sources */,
				C7C75FA627092B6E001DF94E /* State.swift in Sources */,
				C7C76048270A6E14001DF94E /* Airline.swift in Sources */,
				C7C7603B270A1575001DF94E /* AirlinesRemoteRepository.swift in Sources */,
				C7C7604D270A7E28001DF94E /* AirlineTableViewCell.swift in Sources */,
				C7C75F972707F2F8001DF94E /* UIStoryboard+Extension.swift in Sources */,
				C7C75F9B2707F8E8001DF94E /* UIColor+Theme.swift in Sources */,
				C7C75F992707F488001DF94E /* UIViewController+Extension.swift in Sources */,
				C7C7605F270AA835001DF94E /* FontFamily.swift in Sources */,
				C7C75FA827092D7E001DF94E /* Bindable.swift in Sources */,
				C7C76045270A59FD001DF94E /* EndPointItem.swift in Sources */,
				C7C75F942707F262001DF94E /* HomeViewController.swift in Sources */,
				C7C75F9F2707FC9A001DF94E /* CircleShadowView.swift in Sources */,
				C7C75FA32707FF4F001DF94E /* AirlinesTableViewModel.swift in Sources */,
				C7C76041270A5960001DF94E /* EndPointTypeProtocol.swift in Sources */,
				C7C760382709FD04001DF94E /* AirlineResponse.swift in Sources */,
			);
			runOnlyForDeploymentPostprocessing = 0;
		};
		C7C75F692707E7A8001DF94E /* Sources */ = {
			isa = PBXSourcesBuildPhase;
			buildActionMask = 2147483647;
			files = (
				C7C75F722707E7A8001DF94E /* Vodafone_AirlinesTests.swift in Sources */,
			);
			runOnlyForDeploymentPostprocessing = 0;
		};
		C7C75F742707E7A8001DF94E /* Sources */ = {
			isa = PBXSourcesBuildPhase;
			buildActionMask = 2147483647;
			files = (
				C7C75F7D2707E7A8001DF94E /* Vodafone_AirlinesUITests.swift in Sources */,
			);
			runOnlyForDeploymentPostprocessing = 0;
		};
/* End PBXSourcesBuildPhase section */

/* Begin PBXTargetDependency section */
		C7C75F6F2707E7A8001DF94E /* PBXTargetDependency */ = {
			isa = PBXTargetDependency;
			target = C7C75F562707E7A5001DF94E /* Vodafone Airlines */;
			targetProxy = C7C75F6E2707E7A8001DF94E /* PBXContainerItemProxy */;
		};
		C7C75F7A2707E7A8001DF94E /* PBXTargetDependency */ = {
			isa = PBXTargetDependency;
			target = C7C75F562707E7A5001DF94E /* Vodafone Airlines */;
			targetProxy = C7C75F792707E7A8001DF94E /* PBXContainerItemProxy */;
		};
/* End PBXTargetDependency section */

/* Begin PBXVariantGroup section */
		C7C75F652707E7A8001DF94E /* LaunchScreen.storyboard */ = {
			isa = PBXVariantGroup;
			children = (
				C7C75F662707E7A8001DF94E /* Base */,
			);
			name = LaunchScreen.storyboard;
			sourceTree = "<group>";
		};
/* End PBXVariantGroup section */

/* Begin XCBuildConfiguration section */
		C7C75F7F2707E7A8001DF94E /* Debug */ = {
			isa = XCBuildConfiguration;
			buildSettings = {
				ALWAYS_SEARCH_USER_PATHS = NO;
				CLANG_ANALYZER_NONNULL = YES;
				CLANG_ANALYZER_NUMBER_OBJECT_CONVERSION = YES_AGGRESSIVE;
				CLANG_CXX_LANGUAGE_STANDARD = "gnu++14";
				CLANG_CXX_LIBRARY = "libc++";
				CLANG_ENABLE_MODULES = YES;
				CLANG_ENABLE_OBJC_ARC = YES;
				CLANG_ENABLE_OBJC_WEAK = YES;
				CLANG_WARN_BLOCK_CAPTURE_AUTORELEASING = YES;
				CLANG_WARN_BOOL_CONVERSION = YES;
				CLANG_WARN_COMMA = YES;
				CLANG_WARN_CONSTANT_CONVERSION = YES;
				CLANG_WARN_DEPRECATED_OBJC_IMPLEMENTATIONS = YES;
				CLANG_WARN_DIRECT_OBJC_ISA_USAGE = YES_ERROR;
				CLANG_WARN_DOCUMENTATION_COMMENTS = YES;
				CLANG_WARN_EMPTY_BODY = YES;
				CLANG_WARN_ENUM_CONVERSION = YES;
				CLANG_WARN_INFINITE_RECURSION = YES;
				CLANG_WARN_INT_CONVERSION = YES;
				CLANG_WARN_NON_LITERAL_NULL_CONVERSION = YES;
				CLANG_WARN_OBJC_IMPLICIT_RETAIN_SELF = YES;
				CLANG_WARN_OBJC_LITERAL_CONVERSION = YES;
				CLANG_WARN_OBJC_ROOT_CLASS = YES_ERROR;
				CLANG_WARN_QUOTED_INCLUDE_IN_FRAMEWORK_HEADER = YES;
				CLANG_WARN_RANGE_LOOP_ANALYSIS = YES;
				CLANG_WARN_STRICT_PROTOTYPES = YES;
				CLANG_WARN_SUSPICIOUS_MOVE = YES;
				CLANG_WARN_UNGUARDED_AVAILABILITY = YES_AGGRESSIVE;
				CLANG_WARN_UNREACHABLE_CODE = YES;
				CLANG_WARN__DUPLICATE_METHOD_MATCH = YES;
				COPY_PHASE_STRIP = NO;
				DEBUG_INFORMATION_FORMAT = dwarf;
				ENABLE_STRICT_OBJC_MSGSEND = YES;
				ENABLE_TESTABILITY = YES;
				GCC_C_LANGUAGE_STANDARD = gnu11;
				GCC_DYNAMIC_NO_PIC = NO;
				GCC_NO_COMMON_BLOCKS = YES;
				GCC_OPTIMIZATION_LEVEL = 0;
				GCC_PREPROCESSOR_DEFINITIONS = (
					"DEBUG=1",
					"$(inherited)",
				);
				GCC_WARN_64_TO_32_BIT_CONVERSION = YES;
				GCC_WARN_ABOUT_RETURN_TYPE = YES_ERROR;
				GCC_WARN_UNDECLARED_SELECTOR = YES;
				GCC_WARN_UNINITIALIZED_AUTOS = YES_AGGRESSIVE;
				GCC_WARN_UNUSED_FUNCTION = YES;
				GCC_WARN_UNUSED_VARIABLE = YES;
				IPHONEOS_DEPLOYMENT_TARGET = 14.5;
				MTL_ENABLE_DEBUG_INFO = INCLUDE_SOURCE;
				MTL_FAST_MATH = YES;
				ONLY_ACTIVE_ARCH = YES;
				SDKROOT = iphoneos;
				SWIFT_ACTIVE_COMPILATION_CONDITIONS = DEBUG;
				SWIFT_OPTIMIZATION_LEVEL = "-Onone";
			};
			name = Debug;
		};
		C7C75F802707E7A8001DF94E /* Release */ = {
			isa = XCBuildConfiguration;
			buildSettings = {
				ALWAYS_SEARCH_USER_PATHS = NO;
				CLANG_ANALYZER_NONNULL = YES;
				CLANG_ANALYZER_NUMBER_OBJECT_CONVERSION = YES_AGGRESSIVE;
				CLANG_CXX_LANGUAGE_STANDARD = "gnu++14";
				CLANG_CXX_LIBRARY = "libc++";
				CLANG_ENABLE_MODULES = YES;
				CLANG_ENABLE_OBJC_ARC = YES;
				CLANG_ENABLE_OBJC_WEAK = YES;
				CLANG_WARN_BLOCK_CAPTURE_AUTORELEASING = YES;
				CLANG_WARN_BOOL_CONVERSION = YES;
				CLANG_WARN_COMMA = YES;
				CLANG_WARN_CONSTANT_CONVERSION = YES;
				CLANG_WARN_DEPRECATED_OBJC_IMPLEMENTATIONS = YES;
				CLANG_WARN_DIRECT_OBJC_ISA_USAGE = YES_ERROR;
				CLANG_WARN_DOCUMENTATION_COMMENTS = YES;
				CLANG_WARN_EMPTY_BODY = YES;
				CLANG_WARN_ENUM_CONVERSION = YES;
				CLANG_WARN_INFINITE_RECURSION = YES;
				CLANG_WARN_INT_CONVERSION = YES;
				CLANG_WARN_NON_LITERAL_NULL_CONVERSION = YES;
				CLANG_WARN_OBJC_IMPLICIT_RETAIN_SELF = YES;
				CLANG_WARN_OBJC_LITERAL_CONVERSION = YES;
				CLANG_WARN_OBJC_ROOT_CLASS = YES_ERROR;
				CLANG_WARN_QUOTED_INCLUDE_IN_FRAMEWORK_HEADER = YES;
				CLANG_WARN_RANGE_LOOP_ANALYSIS = YES;
				CLANG_WARN_STRICT_PROTOTYPES = YES;
				CLANG_WARN_SUSPICIOUS_MOVE = YES;
				CLANG_WARN_UNGUARDED_AVAILABILITY = YES_AGGRESSIVE;
				CLANG_WARN_UNREACHABLE_CODE = YES;
				CLANG_WARN__DUPLICATE_METHOD_MATCH = YES;
				COPY_PHASE_STRIP = NO;
				DEBUG_INFORMATION_FORMAT = "dwarf-with-dsym";
				ENABLE_NS_ASSERTIONS = NO;
				ENABLE_STRICT_OBJC_MSGSEND = YES;
				GCC_C_LANGUAGE_STANDARD = gnu11;
				GCC_NO_COMMON_BLOCKS = YES;
				GCC_WARN_64_TO_32_BIT_CONVERSION = YES;
				GCC_WARN_ABOUT_RETURN_TYPE = YES_ERROR;
				GCC_WARN_UNDECLARED_SELECTOR = YES;
				GCC_WARN_UNINITIALIZED_AUTOS = YES_AGGRESSIVE;
				GCC_WARN_UNUSED_FUNCTION = YES;
				GCC_WARN_UNUSED_VARIABLE = YES;
				IPHONEOS_DEPLOYMENT_TARGET = 14.5;
				MTL_ENABLE_DEBUG_INFO = NO;
				MTL_FAST_MATH = YES;
				SDKROOT = iphoneos;
				SWIFT_COMPILATION_MODE = wholemodule;
				SWIFT_OPTIMIZATION_LEVEL = "-O";
				VALIDATE_PRODUCT = YES;
			};
			name = Release;
		};
		C7C75F822707E7A8001DF94E /* Debug */ = {
			isa = XCBuildConfiguration;
			baseConfigurationReference = 082FF577942D74545A6C5A3A /* Pods-Vodafone Airlines.debug.xcconfig */;
			buildSettings = {
				ASSETCATALOG_COMPILER_APPICON_NAME = AppIcon;
				ASSETCATALOG_COMPILER_GLOBAL_ACCENT_COLOR_NAME = AccentColor;
				CODE_SIGN_STYLE = Automatic;
				DEVELOPMENT_TEAM = NB2JX4B96G;
				INFOPLIST_FILE = "Vodafone Airlines/Resources/Info.plist";
				LD_RUNPATH_SEARCH_PATHS = (
					"$(inherited)",
					"@executable_path/Frameworks",
				);
				PRODUCT_BUNDLE_IDENTIFIER = "com.hassan.Vodafone-Airlines";
				PRODUCT_NAME = "$(TARGET_NAME)";
				SWIFT_VERSION = 5.0;
				TARGETED_DEVICE_FAMILY = 1;
			};
			name = Debug;
		};
		C7C75F832707E7A8001DF94E /* Release */ = {
			isa = XCBuildConfiguration;
			baseConfigurationReference = D940FAEE6664309AAB4D84E2 /* Pods-Vodafone Airlines.release.xcconfig */;
			buildSettings = {
				ASSETCATALOG_COMPILER_APPICON_NAME = AppIcon;
				ASSETCATALOG_COMPILER_GLOBAL_ACCENT_COLOR_NAME = AccentColor;
				CODE_SIGN_STYLE = Automatic;
				DEVELOPMENT_TEAM = NB2JX4B96G;
				INFOPLIST_FILE = "Vodafone Airlines/Resources/Info.plist";
				LD_RUNPATH_SEARCH_PATHS = (
					"$(inherited)",
					"@executable_path/Frameworks",
				);
				PRODUCT_BUNDLE_IDENTIFIER = "com.hassan.Vodafone-Airlines";
				PRODUCT_NAME = "$(TARGET_NAME)";
				SWIFT_VERSION = 5.0;
				TARGETED_DEVICE_FAMILY = 1;
			};
			name = Release;
		};
		C7C75F852707E7A8001DF94E /* Debug */ = {
			isa = XCBuildConfiguration;
			baseConfigurationReference = 94D570D88692EE178D3C3435 /* Pods-Vodafone AirlinesTests.debug.xcconfig */;
			buildSettings = {
				ALWAYS_EMBED_SWIFT_STANDARD_LIBRARIES = YES;
				BUNDLE_LOADER = "$(TEST_HOST)";
				CODE_SIGN_STYLE = Automatic;
				DEVELOPMENT_TEAM = NB2JX4B96G;
				INFOPLIST_FILE = "Vodafone AirlinesTests/Info.plist";
				IPHONEOS_DEPLOYMENT_TARGET = 14.5;
				LD_RUNPATH_SEARCH_PATHS = (
					"$(inherited)",
					"@executable_path/Frameworks",
					"@loader_path/Frameworks",
				);
				PRODUCT_BUNDLE_IDENTIFIER = "com.hassan.Vodafone-AirlinesTests";
				PRODUCT_NAME = "$(TARGET_NAME)";
				SWIFT_VERSION = 5.0;
				TARGETED_DEVICE_FAMILY = "1,2";
				TEST_HOST = "$(BUILT_PRODUCTS_DIR)/Vodafone Airlines.app/Vodafone Airlines";
			};
			name = Debug;
		};
		C7C75F862707E7A8001DF94E /* Release */ = {
			isa = XCBuildConfiguration;
			baseConfigurationReference = E8D61AD1A6628C951CF88DFB /* Pods-Vodafone AirlinesTests.release.xcconfig */;
			buildSettings = {
				ALWAYS_EMBED_SWIFT_STANDARD_LIBRARIES = YES;
				BUNDLE_LOADER = "$(TEST_HOST)";
				CODE_SIGN_STYLE = Automatic;
				DEVELOPMENT_TEAM = NB2JX4B96G;
				INFOPLIST_FILE = "Vodafone AirlinesTests/Info.plist";
				IPHONEOS_DEPLOYMENT_TARGET = 14.5;
				LD_RUNPATH_SEARCH_PATHS = (
					"$(inherited)",
					"@executable_path/Frameworks",
					"@loader_path/Frameworks",
				);
				PRODUCT_BUNDLE_IDENTIFIER = "com.hassan.Vodafone-AirlinesTests";
				PRODUCT_NAME = "$(TARGET_NAME)";
				SWIFT_VERSION = 5.0;
				TARGETED_DEVICE_FAMILY = "1,2";
				TEST_HOST = "$(BUILT_PRODUCTS_DIR)/Vodafone Airlines.app/Vodafone Airlines";
			};
			name = Release;
		};
		C7C75F882707E7A8001DF94E /* Debug */ = {
			isa = XCBuildConfiguration;
			baseConfigurationReference = A936EE98D576FA36ADDA6314 /* Pods-Vodafone Airlines-Vodafone AirlinesUITests.debug.xcconfig */;
			buildSettings = {
				ALWAYS_EMBED_SWIFT_STANDARD_LIBRARIES = YES;
				CODE_SIGN_STYLE = Automatic;
				DEVELOPMENT_TEAM = NB2JX4B96G;
				INFOPLIST_FILE = "Vodafone AirlinesUITests/Info.plist";
				LD_RUNPATH_SEARCH_PATHS = (
					"$(inherited)",
					"@executable_path/Frameworks",
					"@loader_path/Frameworks",
				);
				PRODUCT_BUNDLE_IDENTIFIER = "com.hassan.Vodafone-AirlinesUITests";
				PRODUCT_NAME = "$(TARGET_NAME)";
				SWIFT_VERSION = 5.0;
				TARGETED_DEVICE_FAMILY = "1,2";
				TEST_TARGET_NAME = "Vodafone Airlines";
			};
			name = Debug;
		};
		C7C75F892707E7A8001DF94E /* Release */ = {
			isa = XCBuildConfiguration;
			baseConfigurationReference = 20EBDB1A58989125FDFACAAE /* Pods-Vodafone Airlines-Vodafone AirlinesUITests.release.xcconfig */;
			buildSettings = {
				ALWAYS_EMBED_SWIFT_STANDARD_LIBRARIES = YES;
				CODE_SIGN_STYLE = Automatic;
				DEVELOPMENT_TEAM = NB2JX4B96G;
				INFOPLIST_FILE = "Vodafone AirlinesUITests/Info.plist";
				LD_RUNPATH_SEARCH_PATHS = (
					"$(inherited)",
					"@executable_path/Frameworks",
					"@loader_path/Frameworks",
				);
				PRODUCT_BUNDLE_IDENTIFIER = "com.hassan.Vodafone-AirlinesUITests";
				PRODUCT_NAME = "$(TARGET_NAME)";
				SWIFT_VERSION = 5.0;
				TARGETED_DEVICE_FAMILY = "1,2";
				TEST_TARGET_NAME = "Vodafone Airlines";
			};
			name = Release;
		};
/* End XCBuildConfiguration section */

/* Begin XCConfigurationList section */
		C7C75F522707E7A5001DF94E /* Build configuration list for PBXProject "Vodafone Airlines" */ = {
			isa = XCConfigurationList;
			buildConfigurations = (
				C7C75F7F2707E7A8001DF94E /* Debug */,
				C7C75F802707E7A8001DF94E /* Release */,
			);
			defaultConfigurationIsVisible = 0;
			defaultConfigurationName = Release;
		};
		C7C75F812707E7A8001DF94E /* Build configuration list for PBXNativeTarget "Vodafone Airlines" */ = {
			isa = XCConfigurationList;
			buildConfigurations = (
				C7C75F822707E7A8001DF94E /* Debug */,
				C7C75F832707E7A8001DF94E /* Release */,
			);
			defaultConfigurationIsVisible = 0;
			defaultConfigurationName = Release;
		};
		C7C75F842707E7A8001DF94E /* Build configuration list for PBXNativeTarget "Vodafone AirlinesTests" */ = {
			isa = XCConfigurationList;
			buildConfigurations = (
				C7C75F852707E7A8001DF94E /* Debug */,
				C7C75F862707E7A8001DF94E /* Release */,
			);
			defaultConfigurationIsVisible = 0;
			defaultConfigurationName = Release;
		};
		C7C75F872707E7A8001DF94E /* Build configuration list for PBXNativeTarget "Vodafone AirlinesUITests" */ = {
			isa = XCConfigurationList;
			buildConfigurations = (
				C7C75F882707E7A8001DF94E /* Debug */,
				C7C75F892707E7A8001DF94E /* Release */,
			);
			defaultConfigurationIsVisible = 0;
			defaultConfigurationName = Release;
		};
/* End XCConfigurationList section */

/* Begin XCVersionGroup section */
		C7C760322709FA8E001DF94E /* Vodafone_Airlines.xcdatamodeld */ = {
			isa = XCVersionGroup;
			children = (
				C7C760332709FA8E001DF94E /* Vodafone_Airlines.xcdatamodel */,
			);
			currentVersion = C7C760332709FA8E001DF94E /* Vodafone_Airlines.xcdatamodel */;
			path = Vodafone_Airlines.xcdatamodeld;
			sourceTree = "<group>";
			versionGroupType = wrapper.xcdatamodel;
		};
/* End XCVersionGroup section */
	};
	rootObject = C7C75F4F2707E7A5001DF94E /* Project object */;
}
